
Microsoft Visual Studio Solution File, Format Version 12.00
# Visual Studio 15
VisualStudioVersion = 15.0.28307.1022
MinimumVisualStudioVersion = 10.0.40219.1
Project("{FAE04EC0-301F-11D3-BF4B-00C04F79EFBC}") = "GraphQLExtensionsTest01", "GraphQLExtensionsTest01\GraphQLExtensionsTest01.csproj", "{C07CC52D-62EF-4D5B-8B63-B66404ACDB2F}"
EndProject
Global
	GlobalSection(SolutionConfigurationPlatforms) = preSolution
		Debug|Any CPU = Debug|Any CPU
		Release|Any CPU = Release|Any CPU
	EndGlobalSection
	GlobalSection(ProjectConfigurationPlatforms) = postSolution
		{C07CC52D-62EF-4D5B-8B63-B66404ACDB2F}.Debug|Any CPU.ActiveCfg = Debug|Any CPU
		{C07CC52D-62EF-4D5B-8B63-B66404ACDB2F}.Debug|Any CPU.Build.0 = Debug|Any CPU
		{C07CC52D-62EF-4D5B-8B63-B66404ACDB2F}.Release|Any CPU.ActiveCfg = Release|Any CPU
		{C07CC52D-62EF-4D5B-8B63-B66404ACDB2F}.Release|Any CPU.Build.0 = Release|Any CPU
	EndGlobalSection
	GlobalSection(SolutionProperties) = preSolution
		HideSolutionNode = FALSE
	EndGlobalSection
	GlobalSection(ExtensibilityGlobals) = postSolution
		SolutionGuid = {15B57D4C-5918-49AE-A067-D48C0B88B520}
	EndGlobalSection
EndGlobal
